
Microsoft Visual Studio Solution File, Format Version 12.00
# Visual Studio Version 17
VisualStudioVersion = 17.11.35303.130
MinimumVisualStudioVersion = 10.0.40219.1
Project("{2150E333-8FDC-42A3-9474-1A3956D46DE8}") = "Task0", "Task0", "{4AF5C40F-A069-48C6-8B87-03DB042E3C03}"
EndProject
Project("{FAE04EC0-301F-11D3-BF4B-00C04F79EFBC}") = "Tyuiu.GubanovaSO.Sprint2.Task0.V12", "Tyuiu.GubanovaSO.Sprint2.Task0.V12\Tyuiu.GubanovaSO.Sprint2.Task0.V12.csproj", "{9C4A987D-D9B6-4D1D-8CF5-749F1CF4925E}"
EndProject
Project("{FAE04EC0-301F-11D3-BF4B-00C04F79EFBC}") = "Tyuiu.GubanovaSO.Sprint2.Task0.V12.Lib", "Tyuiu.GubanovaSO.Sprint2.Task0.V12.Lib\Tyuiu.GubanovaSO.Sprint2.Task0.V12.Lib.csproj", "{563D76CE-EA34-4CEC-A19B-3501DAA70CBD}"
EndProject
Project("{FAE04EC0-301F-11D3-BF4B-00C04F79EFBC}") = "Tyuiu.GubanovaSO.Sprint2.Task0.V12.Test", "Tyuiu.GubanovaSO.Sprint2.Task0.V12.Test\Tyuiu.GubanovaSO.Sprint2.Task0.V12.Test.csproj", "{73029836-9B81-4C76-9E02-085CE23F6F78}"
EndProject
Project("{2150E333-8FDC-42A3-9474-1A3956D46DE8}") = "Task1", "Task1", "{90F09ED7-2D2A-482D-A27A-A5891D4C24A8}"
EndProject
Project("{FAE04EC0-301F-11D3-BF4B-00C04F79EFBC}") = "Tyuiu.GubanovaSO.Sprint2.Task1.V15", "Tyuiu.GubanovaSO.Sprint2.Task1.V15\Tyuiu.GubanovaSO.Sprint2.Task1.V15.csproj", "{F08515D2-F8F7-4135-9EA8-CCCF3122D9E2}"
EndProject
Project("{FAE04EC0-301F-11D3-BF4B-00C04F79EFBC}") = "Tyuiu.GubanovaSO.Sprint2.Task1.V15.Lib", "Tyuiu.GubanovaSO.Sprint2.Task1.V15.Lib\Tyuiu.GubanovaSO.Sprint2.Task1.V15.Lib.csproj", "{82EA14A2-1700-48D2-95C4-BBE41D26F9BF}"
EndProject
Project("{FAE04EC0-301F-11D3-BF4B-00C04F79EFBC}") = "Tyuiu.GubanovaSO.Sprint2.Task1.V15.Test", "Tyuiu.GubanovaSO.Sprint2.Task1.V15.Test\Tyuiu.GubanovaSO.Sprint2.Task1.V15.Test.csproj", "{E2A6B5EA-48DE-4262-8E34-DF0FD1BD224E}"
EndProject
Project("{2150E333-8FDC-42A3-9474-1A3956D46DE8}") = "Task2", "Task2", "{0944B4CA-0DCB-4588-A0C8-457F3BE40EC1}"
EndProject
Project("{FAE04EC0-301F-11D3-BF4B-00C04F79EFBC}") = "Tyuiu.GubanovaSO.Sprint2.Task2.V6", "Tyuiu.GubanovaSO.Sprint2.Task2.V6\Tyuiu.GubanovaSO.Sprint2.Task2.V6.csproj", "{F87AF4C9-4717-49B3-BCB9-C6AB751EC82A}"
EndProject
Project("{FAE04EC0-301F-11D3-BF4B-00C04F79EFBC}") = "Tyuiu.GubanovaSO.Sprint2.Task2.V6.Lib", "Tyuiu.GubanovaSO.Sprint2.Task2.V6.Lib\Tyuiu.GubanovaSO.Sprint2.Task2.V6.Lib.csproj", "{AEB50759-42BA-489B-B38A-AA3B9BA1A4BD}"
EndProject
Project("{FAE04EC0-301F-11D3-BF4B-00C04F79EFBC}") = "Tyuiu.GubanovaSO.Sprint2.Task2.V6.Test", "Tyuiu.GubanovaSO.Sprint2.Task2.V6.Test\Tyuiu.GubanovaSO.Sprint2.Task2.V6.Test.csproj", "{E70D3987-2A8C-4BE0-B2D2-27FEE3C935D6}"
EndProject
Global
	GlobalSection(SolutionConfigurationPlatforms) = preSolution
		Debug|Any CPU = Debug|Any CPU
		Release|Any CPU = Release|Any CPU
	EndGlobalSection
	GlobalSection(ProjectConfigurationPlatforms) = postSolution
		{9C4A987D-D9B6-4D1D-8CF5-749F1CF4925E}.Debug|Any CPU.ActiveCfg = Debug|Any CPU
		{9C4A987D-D9B6-4D1D-8CF5-749F1CF4925E}.Debug|Any CPU.Build.0 = Debug|Any CPU
		{9C4A987D-D9B6-4D1D-8CF5-749F1CF4925E}.Release|Any CPU.ActiveCfg = Release|Any CPU
		{9C4A987D-D9B6-4D1D-8CF5-749F1CF4925E}.Release|Any CPU.Build.0 = Release|Any CPU
		{563D76CE-EA34-4CEC-A19B-3501DAA70CBD}.Debug|Any CPU.ActiveCfg = Debug|Any CPU
		{563D76CE-EA34-4CEC-A19B-3501DAA70CBD}.Debug|Any CPU.Build.0 = Debug|Any CPU
		{563D76CE-EA34-4CEC-A19B-3501DAA70CBD}.Release|Any CPU.ActiveCfg = Release|Any CPU
		{563D76CE-EA34-4CEC-A19B-3501DAA70CBD}.Release|Any CPU.Build.0 = Release|Any CPU
		{73029836-9B81-4C76-9E02-085CE23F6F78}.Debug|Any CPU.ActiveCfg = Debug|Any CPU
		{73029836-9B81-4C76-9E02-085CE23F6F78}.Debug|Any CPU.Build.0 = Debug|Any CPU
		{73029836-9B81-4C76-9E02-085CE23F6F78}.Release|Any CPU.ActiveCfg = Release|Any CPU
		{73029836-9B81-4C76-9E02-085CE23F6F78}.Release|Any CPU.Build.0 = Release|Any CPU
		{F08515D2-F8F7-4135-9EA8-CCCF3122D9E2}.Debug|Any CPU.ActiveCfg = Debug|Any CPU
		{F08515D2-F8F7-4135-9EA8-CCCF3122D9E2}.Debug|Any CPU.Build.0 = Debug|Any CPU
		{F08515D2-F8F7-4135-9EA8-CCCF3122D9E2}.Release|Any CPU.ActiveCfg = Release|Any CPU
		{F08515D2-F8F7-4135-9EA8-CCCF3122D9E2}.Release|Any CPU.Build.0 = Release|Any CPU
		{82EA14A2-1700-48D2-95C4-BBE41D26F9BF}.Debug|Any CPU.ActiveCfg = Debug|Any CPU
		{82EA14A2-1700-48D2-95C4-BBE41D26F9BF}.Debug|Any CPU.Build.0 = Debug|Any CPU
		{82EA14A2-1700-48D2-95C4-BBE41D26F9BF}.Release|Any CPU.ActiveCfg = Release|Any CPU
		{82EA14A2-1700-48D2-95C4-BBE41D26F9BF}.Release|Any CPU.Build.0 = Release|Any CPU
		{E2A6B5EA-48DE-4262-8E34-DF0FD1BD224E}.Debug|Any CPU.ActiveCfg = Debug|Any CPU
		{E2A6B5EA-48DE-4262-8E34-DF0FD1BD224E}.Debug|Any CPU.Build.0 = Debug|Any CPU
		{E2A6B5EA-48DE-4262-8E34-DF0FD1BD224E}.Release|Any CPU.ActiveCfg = Release|Any CPU
		{E2A6B5EA-48DE-4262-8E34-DF0FD1BD224E}.Release|Any CPU.Build.0 = Release|Any CPU
		{F87AF4C9-4717-49B3-BCB9-C6AB751EC82A}.Debug|Any CPU.ActiveCfg = Debug|Any CPU
		{F87AF4C9-4717-49B3-BCB9-C6AB751EC82A}.Debug|Any CPU.Build.0 = Debug|Any CPU
		{F87AF4C9-4717-49B3-BCB9-C6AB751EC82A}.Release|Any CPU.ActiveCfg = Release|Any CPU
		{F87AF4C9-4717-49B3-BCB9-C6AB751EC82A}.Release|Any CPU.Build.0 = Release|Any CPU
		{AEB50759-42BA-489B-B38A-AA3B9BA1A4BD}.Debug|Any CPU.ActiveCfg = Debug|Any CPU
		{AEB50759-42BA-489B-B38A-AA3B9BA1A4BD}.Debug|Any CPU.Build.0 = Debug|Any CPU
		{AEB50759-42BA-489B-B38A-AA3B9BA1A4BD}.Release|Any CPU.ActiveCfg = Release|Any CPU
		{AEB50759-42BA-489B-B38A-AA3B9BA1A4BD}.Release|Any CPU.Build.0 = Release|Any CPU
		{E70D3987-2A8C-4BE0-B2D2-27FEE3C935D6}.Debug|Any CPU.ActiveCfg = Debug|Any CPU
		{E70D3987-2A8C-4BE0-B2D2-27FEE3C935D6}.Debug|Any CPU.Build.0 = Debug|Any CPU
		{E70D3987-2A8C-4BE0-B2D2-27FEE3C935D6}.Release|Any CPU.ActiveCfg = Release|Any CPU
		{E70D3987-2A8C-4BE0-B2D2-27FEE3C935D6}.Release|Any CPU.Build.0 = Release|Any CPU
	EndGlobalSection
	GlobalSection(SolutionProperties) = preSolution
		HideSolutionNode = FALSE
	EndGlobalSection
	GlobalSection(NestedProjects) = preSolution
		{9C4A987D-D9B6-4D1D-8CF5-749F1CF4925E} = {4AF5C40F-A069-48C6-8B87-03DB042E3C03}
		{563D76CE-EA34-4CEC-A19B-3501DAA70CBD} = {4AF5C40F-A069-48C6-8B87-03DB042E3C03}
		{73029836-9B81-4C76-9E02-085CE23F6F78} = {4AF5C40F-A069-48C6-8B87-03DB042E3C03}
		{F08515D2-F8F7-4135-9EA8-CCCF3122D9E2} = {90F09ED7-2D2A-482D-A27A-A5891D4C24A8}
		{82EA14A2-1700-48D2-95C4-BBE41D26F9BF} = {90F09ED7-2D2A-482D-A27A-A5891D4C24A8}
		{E2A6B5EA-48DE-4262-8E34-DF0FD1BD224E} = {90F09ED7-2D2A-482D-A27A-A5891D4C24A8}
		{F87AF4C9-4717-49B3-BCB9-C6AB751EC82A} = {0944B4CA-0DCB-4588-A0C8-457F3BE40EC1}
		{AEB50759-42BA-489B-B38A-AA3B9BA1A4BD} = {0944B4CA-0DCB-4588-A0C8-457F3BE40EC1}
		{E70D3987-2A8C-4BE0-B2D2-27FEE3C935D6} = {0944B4CA-0DCB-4588-A0C8-457F3BE40EC1}
	EndGlobalSection
	GlobalSection(ExtensibilityGlobals) = postSolution
		SolutionGuid = {8C6B095C-89BB-4DF5-9026-1432410FFCAA}
	EndGlobalSection
EndGlobal
