
Microsoft Visual Studio Solution File, Format Version 12.00
# Visual Studio Version 17
VisualStudioVersion = 17.11.35303.130
MinimumVisualStudioVersion = 10.0.40219.1
Project("{2150E333-8FDC-42A3-9474-1A3956D46DE8}") = "Task0", "Task0", "{4AF5C40F-A069-48C6-8B87-03DB042E3C03}"
EndProject
Project("{FAE04EC0-301F-11D3-BF4B-00C04F79EFBC}") = "Tyuiu.GubanovaSO.Sprint2.Task0.V12", "Tyuiu.GubanovaSO.Sprint2.Task0.V12\Tyuiu.GubanovaSO.Sprint2.Task0.V12.csproj", "{9C4A987D-D9B6-4D1D-8CF5-749F1CF4925E}"
EndProject
Project("{FAE04EC0-301F-11D3-BF4B-00C04F79EFBC}") = "Tyuiu.GubanovaSO.Sprint2.Task0.V12.Lib", "Tyuiu.GubanovaSO.Sprint2.Task0.V12.Lib\Tyuiu.GubanovaSO.Sprint2.Task0.V12.Lib.csproj", "{563D76CE-EA34-4CEC-A19B-3501DAA70CBD}"
EndProject
Project("{FAE04EC0-301F-11D3-BF4B-00C04F79EFBC}") = "Tyuiu.GubanovaSO.Sprint2.Task0.V12.Test", "Tyuiu.GubanovaSO.Sprint2.Task0.V12.Test\Tyuiu.GubanovaSO.Sprint2.Task0.V12.Test.csproj", "{73029836-9B81-4C76-9E02-085CE23F6F78}"
EndProject
Project("{2150E333-8FDC-42A3-9474-1A3956D46DE8}") = "Task1", "Task1", "{90F09ED7-2D2A-482D-A27A-A5891D4C24A8}"
EndProject
Project("{FAE04EC0-301F-11D3-BF4B-00C04F79EFBC}") = "Tyuiu.GubanovaSO.Sprint2.Task1.V15", "Tyuiu.GubanovaSO.Sprint2.Task1.V15\Tyuiu.GubanovaSO.Sprint2.Task1.V15.csproj", "{F08515D2-F8F7-4135-9EA8-CCCF3122D9E2}"
EndProject
Project("{FAE04EC0-301F-11D3-BF4B-00C04F79EFBC}") = "Tyuiu.GubanovaSO.Sprint2.Task1.V15.Lib", "Tyuiu.GubanovaSO.Sprint2.Task1.V15.Lib\Tyuiu.GubanovaSO.Sprint2.Task1.V15.Lib.csproj", "{82EA14A2-1700-48D2-95C4-BBE41D26F9BF}"
EndProject
Project("{FAE04EC0-301F-11D3-BF4B-00C04F79EFBC}") = "Tyuiu.GubanovaSO.Sprint2.Task1.V15.Test", "Tyuiu.GubanovaSO.Sprint2.Task1.V15.Test\Tyuiu.GubanovaSO.Sprint2.Task1.V15.Test.csproj", "{E2A6B5EA-48DE-4262-8E34-DF0FD1BD224E}"
EndProject
Project("{2150E333-8FDC-42A3-9474-1A3956D46DE8}") = "Task2", "Task2", "{0944B4CA-0DCB-4588-A0C8-457F3BE40EC1}"
EndProject
Project("{FAE04EC0-301F-11D3-BF4B-00C04F79EFBC}") = "Tyuiu.GubanovaSO.Sprint2.Task2.V6", "Tyuiu.GubanovaSO.Sprint2.Task2.V6\Tyuiu.GubanovaSO.Sprint2.Task2.V6.csproj", "{F87AF4C9-4717-49B3-BCB9-C6AB751EC82A}"
EndProject
Project("{FAE04EC0-301F-11D3-BF4B-00C04F79EFBC}") = "Tyuiu.GubanovaSO.Sprint2.Task2.V6.Lib", "Tyuiu.GubanovaSO.Sprint2.Task2.V6.Lib\Tyuiu.GubanovaSO.Sprint2.Task2.V6.Lib.csproj", "{AEB50759-42BA-489B-B38A-AA3B9BA1A4BD}"
EndProject
Project("{FAE04EC0-301F-11D3-BF4B-00C04F79EFBC}") = "Tyuiu.GubanovaSO.Sprint2.Task2.V6.Test", "Tyuiu.GubanovaSO.Sprint2.Task2.V6.Test\Tyuiu.GubanovaSO.Sprint2.Task2.V6.Test.csproj", "{E70D3987-2A8C-4BE0-B2D2-27FEE3C935D6}"
EndProject
Project("{2150E333-8FDC-42A3-9474-1A3956D46DE8}") = "Task3", "Task3", "{909BFA83-F8EF-4198-ADD0-89499E27A8CE}"
EndProject
Project("{FAE04EC0-301F-11D3-BF4B-00C04F79EFBC}") = "Tyuiu.GubanovaSO.Sprint2.Task3.V26", "Tyuiu.GubanovaSO.Sprint2.Task3.V26\Tyuiu.GubanovaSO.Sprint2.Task3.V26.csproj", "{3F07D36F-5D60-49A9-9363-5CDD75C01024}"
EndProject
Project("{FAE04EC0-301F-11D3-BF4B-00C04F79EFBC}") = "Tyuiu.GubanovaSO.Sprint2.Task3.V26.Lib", "Tyuiu.GubanovaSO.Sprint2.Task3.V26.Lib\Tyuiu.GubanovaSO.Sprint2.Task3.V26.Lib.csproj", "{121E8985-4B88-47A0-8120-4E0C29BE0517}"
EndProject
Project("{FAE04EC0-301F-11D3-BF4B-00C04F79EFBC}") = "Tyuiu.GubanovaSO.Sprint2.Task3.V26.Test", "Tyuiu.GubanovaSO.Sprint2.Task3.V26.Test\Tyuiu.GubanovaSO.Sprint2.Task3.V26.Test.csproj", "{D989C6E2-1C3D-4E48-AD12-E47D89D0CF40}"
EndProject
Project("{2150E333-8FDC-42A3-9474-1A3956D46DE8}") = "Task4", "Task4", "{273185DC-A748-45AC-9BB5-01DC88DBBD0B}"
EndProject
Project("{FAE04EC0-301F-11D3-BF4B-00C04F79EFBC}") = "Tyuiu.GubanovaSO.Sprint2.Task4.V3", "Tyuiu.GubanovaSO.Sprint2.Task4.V3\Tyuiu.GubanovaSO.Sprint2.Task4.V3.csproj", "{B0710162-8309-48B9-ADE1-A88859D1EDDE}"
EndProject
Project("{FAE04EC0-301F-11D3-BF4B-00C04F79EFBC}") = "Tyuiu.GubanovaSO.Sprint2.Task4.V3.Lib", "Tyuiu.GubanovaSO.Sprint2.Task4.V3.Lib\Tyuiu.GubanovaSO.Sprint2.Task4.V3.Lib.csproj", "{E3001987-C962-43AF-8EE2-76FF6FF22BDF}"
EndProject
Project("{FAE04EC0-301F-11D3-BF4B-00C04F79EFBC}") = "Tyuiu.GubanovaSO.Sprint2.Task4.V3.Test", "Tyuiu.GubanovaSO.Sprint2.Task4.V3.Test\Tyuiu.GubanovaSO.Sprint2.Task4.V3.Test.csproj", "{1BC42713-0670-46FF-9D4D-0D6478AFA231}"
EndProject
Project("{2150E333-8FDC-42A3-9474-1A3956D46DE8}") = "Task5", "Task5", "{C81277AB-E5FB-48AF-91D7-14F8443163CF}"
EndProject
Project("{FAE04EC0-301F-11D3-BF4B-00C04F79EFBC}") = "Tyuiu.GubanovaSO.Sprint2.Task5.V2", "Tyuiu.GubanovaSO.Sprint2.Task5.V2\Tyuiu.GubanovaSO.Sprint2.Task5.V2.csproj", "{0F6476DF-4E74-4B54-8A89-7C02157BF51A}"
EndProject
Project("{FAE04EC0-301F-11D3-BF4B-00C04F79EFBC}") = "Tyuiu.GubanovaSO.Sprint2.Task5.V2.Lib", "Tyuiu.GubanovaSO.Sprint2.Task5.V2.Lib\Tyuiu.GubanovaSO.Sprint2.Task5.V2.Lib.csproj", "{C0258738-D02B-4885-85DF-69F5674103AD}"
EndProject
Project("{FAE04EC0-301F-11D3-BF4B-00C04F79EFBC}") = "Tyuiu.GubanovaSO.Sprint2.Task5.V2.Test", "Tyuiu.GubanovaSO.Sprint2.Task5.V2.Test\Tyuiu.GubanovaSO.Sprint2.Task5.V2.Test.csproj", "{23F67B14-07E6-46F0-950B-D11C27DE29D6}"
EndProject
Global
	GlobalSection(SolutionConfigurationPlatforms) = preSolution
		Debug|Any CPU = Debug|Any CPU
		Release|Any CPU = Release|Any CPU
	EndGlobalSection
	GlobalSection(ProjectConfigurationPlatforms) = postSolution
		{9C4A987D-D9B6-4D1D-8CF5-749F1CF4925E}.Debug|Any CPU.ActiveCfg = Debug|Any CPU
		{9C4A987D-D9B6-4D1D-8CF5-749F1CF4925E}.Debug|Any CPU.Build.0 = Debug|Any CPU
		{9C4A987D-D9B6-4D1D-8CF5-749F1CF4925E}.Release|Any CPU.ActiveCfg = Release|Any CPU
		{9C4A987D-D9B6-4D1D-8CF5-749F1CF4925E}.Release|Any CPU.Build.0 = Release|Any CPU
		{563D76CE-EA34-4CEC-A19B-3501DAA70CBD}.Debug|Any CPU.ActiveCfg = Debug|Any CPU
		{563D76CE-EA34-4CEC-A19B-3501DAA70CBD}.Debug|Any CPU.Build.0 = Debug|Any CPU
		{563D76CE-EA34-4CEC-A19B-3501DAA70CBD}.Release|Any CPU.ActiveCfg = Release|Any CPU
		{563D76CE-EA34-4CEC-A19B-3501DAA70CBD}.Release|Any CPU.Build.0 = Release|Any CPU
		{73029836-9B81-4C76-9E02-085CE23F6F78}.Debug|Any CPU.ActiveCfg = Debug|Any CPU
		{73029836-9B81-4C76-9E02-085CE23F6F78}.Debug|Any CPU.Build.0 = Debug|Any CPU
		{73029836-9B81-4C76-9E02-085CE23F6F78}.Release|Any CPU.ActiveCfg = Release|Any CPU
		{73029836-9B81-4C76-9E02-085CE23F6F78}.Release|Any CPU.Build.0 = Release|Any CPU
		{F08515D2-F8F7-4135-9EA8-CCCF3122D9E2}.Debug|Any CPU.ActiveCfg = Debug|Any CPU
		{F08515D2-F8F7-4135-9EA8-CCCF3122D9E2}.Debug|Any CPU.Build.0 = Debug|Any CPU
		{F08515D2-F8F7-4135-9EA8-CCCF3122D9E2}.Release|Any CPU.ActiveCfg = Release|Any CPU
		{F08515D2-F8F7-4135-9EA8-CCCF3122D9E2}.Release|Any CPU.Build.0 = Release|Any CPU
		{82EA14A2-1700-48D2-95C4-BBE41D26F9BF}.Debug|Any CPU.ActiveCfg = Debug|Any CPU
		{82EA14A2-1700-48D2-95C4-BBE41D26F9BF}.Debug|Any CPU.Build.0 = Debug|Any CPU
		{82EA14A2-1700-48D2-95C4-BBE41D26F9BF}.Release|Any CPU.ActiveCfg = Release|Any CPU
		{82EA14A2-1700-48D2-95C4-BBE41D26F9BF}.Release|Any CPU.Build.0 = Release|Any CPU
		{E2A6B5EA-48DE-4262-8E34-DF0FD1BD224E}.Debug|Any CPU.ActiveCfg = Debug|Any CPU
		{E2A6B5EA-48DE-4262-8E34-DF0FD1BD224E}.Debug|Any CPU.Build.0 = Debug|Any CPU
		{E2A6B5EA-48DE-4262-8E34-DF0FD1BD224E}.Release|Any CPU.ActiveCfg = Release|Any CPU
		{E2A6B5EA-48DE-4262-8E34-DF0FD1BD224E}.Release|Any CPU.Build.0 = Release|Any CPU
		{F87AF4C9-4717-49B3-BCB9-C6AB751EC82A}.Debug|Any CPU.ActiveCfg = Debug|Any CPU
		{F87AF4C9-4717-49B3-BCB9-C6AB751EC82A}.Debug|Any CPU.Build.0 = Debug|Any CPU
		{F87AF4C9-4717-49B3-BCB9-C6AB751EC82A}.Release|Any CPU.ActiveCfg = Release|Any CPU
		{F87AF4C9-4717-49B3-BCB9-C6AB751EC82A}.Release|Any CPU.Build.0 = Release|Any CPU
		{AEB50759-42BA-489B-B38A-AA3B9BA1A4BD}.Debug|Any CPU.ActiveCfg = Debug|Any CPU
		{AEB50759-42BA-489B-B38A-AA3B9BA1A4BD}.Debug|Any CPU.Build.0 = Debug|Any CPU
		{AEB50759-42BA-489B-B38A-AA3B9BA1A4BD}.Release|Any CPU.ActiveCfg = Release|Any CPU
		{AEB50759-42BA-489B-B38A-AA3B9BA1A4BD}.Release|Any CPU.Build.0 = Release|Any CPU
		{E70D3987-2A8C-4BE0-B2D2-27FEE3C935D6}.Debug|Any CPU.ActiveCfg = Debug|Any CPU
		{E70D3987-2A8C-4BE0-B2D2-27FEE3C935D6}.Debug|Any CPU.Build.0 = Debug|Any CPU
		{E70D3987-2A8C-4BE0-B2D2-27FEE3C935D6}.Release|Any CPU.ActiveCfg = Release|Any CPU
		{E70D3987-2A8C-4BE0-B2D2-27FEE3C935D6}.Release|Any CPU.Build.0 = Release|Any CPU
		{3F07D36F-5D60-49A9-9363-5CDD75C01024}.Debug|Any CPU.ActiveCfg = Debug|Any CPU
		{3F07D36F-5D60-49A9-9363-5CDD75C01024}.Debug|Any CPU.Build.0 = Debug|Any CPU
		{3F07D36F-5D60-49A9-9363-5CDD75C01024}.Release|Any CPU.ActiveCfg = Release|Any CPU
		{3F07D36F-5D60-49A9-9363-5CDD75C01024}.Release|Any CPU.Build.0 = Release|Any CPU
		{121E8985-4B88-47A0-8120-4E0C29BE0517}.Debug|Any CPU.ActiveCfg = Debug|Any CPU
		{121E8985-4B88-47A0-8120-4E0C29BE0517}.Debug|Any CPU.Build.0 = Debug|Any CPU
		{121E8985-4B88-47A0-8120-4E0C29BE0517}.Release|Any CPU.ActiveCfg = Release|Any CPU
		{121E8985-4B88-47A0-8120-4E0C29BE0517}.Release|Any CPU.Build.0 = Release|Any CPU
		{D989C6E2-1C3D-4E48-AD12-E47D89D0CF40}.Debug|Any CPU.ActiveCfg = Debug|Any CPU
		{D989C6E2-1C3D-4E48-AD12-E47D89D0CF40}.Debug|Any CPU.Build.0 = Debug|Any CPU
		{D989C6E2-1C3D-4E48-AD12-E47D89D0CF40}.Release|Any CPU.ActiveCfg = Release|Any CPU
		{D989C6E2-1C3D-4E48-AD12-E47D89D0CF40}.Release|Any CPU.Build.0 = Release|Any CPU
		{B0710162-8309-48B9-ADE1-A88859D1EDDE}.Debug|Any CPU.ActiveCfg = Debug|Any CPU
		{B0710162-8309-48B9-ADE1-A88859D1EDDE}.Debug|Any CPU.Build.0 = Debug|Any CPU
		{B0710162-8309-48B9-ADE1-A88859D1EDDE}.Release|Any CPU.ActiveCfg = Release|Any CPU
		{B0710162-8309-48B9-ADE1-A88859D1EDDE}.Release|Any CPU.Build.0 = Release|Any CPU
		{E3001987-C962-43AF-8EE2-76FF6FF22BDF}.Debug|Any CPU.ActiveCfg = Debug|Any CPU
		{E3001987-C962-43AF-8EE2-76FF6FF22BDF}.Debug|Any CPU.Build.0 = Debug|Any CPU
		{E3001987-C962-43AF-8EE2-76FF6FF22BDF}.Release|Any CPU.ActiveCfg = Release|Any CPU
		{E3001987-C962-43AF-8EE2-76FF6FF22BDF}.Release|Any CPU.Build.0 = Release|Any CPU
		{1BC42713-0670-46FF-9D4D-0D6478AFA231}.Debug|Any CPU.ActiveCfg = Debug|Any CPU
		{1BC42713-0670-46FF-9D4D-0D6478AFA231}.Debug|Any CPU.Build.0 = Debug|Any CPU
		{1BC42713-0670-46FF-9D4D-0D6478AFA231}.Release|Any CPU.ActiveCfg = Release|Any CPU
		{1BC42713-0670-46FF-9D4D-0D6478AFA231}.Release|Any CPU.Build.0 = Release|Any CPU
		{0F6476DF-4E74-4B54-8A89-7C02157BF51A}.Debug|Any CPU.ActiveCfg = Debug|Any CPU
		{0F6476DF-4E74-4B54-8A89-7C02157BF51A}.Debug|Any CPU.Build.0 = Debug|Any CPU
		{0F6476DF-4E74-4B54-8A89-7C02157BF51A}.Release|Any CPU.ActiveCfg = Release|Any CPU
		{0F6476DF-4E74-4B54-8A89-7C02157BF51A}.Release|Any CPU.Build.0 = Release|Any CPU
		{C0258738-D02B-4885-85DF-69F5674103AD}.Debug|Any CPU.ActiveCfg = Debug|Any CPU
		{C0258738-D02B-4885-85DF-69F5674103AD}.Debug|Any CPU.Build.0 = Debug|Any CPU
		{C0258738-D02B-4885-85DF-69F5674103AD}.Release|Any CPU.ActiveCfg = Release|Any CPU
		{C0258738-D02B-4885-85DF-69F5674103AD}.Release|Any CPU.Build.0 = Release|Any CPU
		{23F67B14-07E6-46F0-950B-D11C27DE29D6}.Debug|Any CPU.ActiveCfg = Debug|Any CPU
		{23F67B14-07E6-46F0-950B-D11C27DE29D6}.Debug|Any CPU.Build.0 = Debug|Any CPU
		{23F67B14-07E6-46F0-950B-D11C27DE29D6}.Release|Any CPU.ActiveCfg = Release|Any CPU
		{23F67B14-07E6-46F0-950B-D11C27DE29D6}.Release|Any CPU.Build.0 = Release|Any CPU
	EndGlobalSection
	GlobalSection(SolutionProperties) = preSolution
		HideSolutionNode = FALSE
	EndGlobalSection
	GlobalSection(NestedProjects) = preSolution
		{9C4A987D-D9B6-4D1D-8CF5-749F1CF4925E} = {4AF5C40F-A069-48C6-8B87-03DB042E3C03}
		{563D76CE-EA34-4CEC-A19B-3501DAA70CBD} = {4AF5C40F-A069-48C6-8B87-03DB042E3C03}
		{73029836-9B81-4C76-9E02-085CE23F6F78} = {4AF5C40F-A069-48C6-8B87-03DB042E3C03}
		{F08515D2-F8F7-4135-9EA8-CCCF3122D9E2} = {90F09ED7-2D2A-482D-A27A-A5891D4C24A8}
		{82EA14A2-1700-48D2-95C4-BBE41D26F9BF} = {90F09ED7-2D2A-482D-A27A-A5891D4C24A8}
		{E2A6B5EA-48DE-4262-8E34-DF0FD1BD224E} = {90F09ED7-2D2A-482D-A27A-A5891D4C24A8}
		{F87AF4C9-4717-49B3-BCB9-C6AB751EC82A} = {0944B4CA-0DCB-4588-A0C8-457F3BE40EC1}
		{AEB50759-42BA-489B-B38A-AA3B9BA1A4BD} = {0944B4CA-0DCB-4588-A0C8-457F3BE40EC1}
		{E70D3987-2A8C-4BE0-B2D2-27FEE3C935D6} = {0944B4CA-0DCB-4588-A0C8-457F3BE40EC1}
		{3F07D36F-5D60-49A9-9363-5CDD75C01024} = {909BFA83-F8EF-4198-ADD0-89499E27A8CE}
		{121E8985-4B88-47A0-8120-4E0C29BE0517} = {909BFA83-F8EF-4198-ADD0-89499E27A8CE}
		{D989C6E2-1C3D-4E48-AD12-E47D89D0CF40} = {909BFA83-F8EF-4198-ADD0-89499E27A8CE}
		{B0710162-8309-48B9-ADE1-A88859D1EDDE} = {273185DC-A748-45AC-9BB5-01DC88DBBD0B}
		{E3001987-C962-43AF-8EE2-76FF6FF22BDF} = {273185DC-A748-45AC-9BB5-01DC88DBBD0B}
		{1BC42713-0670-46FF-9D4D-0D6478AFA231} = {273185DC-A748-45AC-9BB5-01DC88DBBD0B}
		{0F6476DF-4E74-4B54-8A89-7C02157BF51A} = {C81277AB-E5FB-48AF-91D7-14F8443163CF}
		{C0258738-D02B-4885-85DF-69F5674103AD} = {C81277AB-E5FB-48AF-91D7-14F8443163CF}
		{23F67B14-07E6-46F0-950B-D11C27DE29D6} = {C81277AB-E5FB-48AF-91D7-14F8443163CF}
	EndGlobalSection
	GlobalSection(ExtensibilityGlobals) = postSolution
		SolutionGuid = {8C6B095C-89BB-4DF5-9026-1432410FFCAA}
	EndGlobalSection
EndGlobal
